
Microsoft Visual Studio Solution File, Format Version 12.00
# Visual Studio Version 17
VisualStudioVersion = 17.11.35327.3
MinimumVisualStudioVersion = 10.0.40219.1
Project("{FAE04EC0-301F-11D3-BF4B-00C04F79EFBC}") = "ConsoleApp3", "ConsoleApp3\ConsoleApp3.csproj", "{01889A27-523B-4E93-AD8C-E819B86BB280}"
EndProject
Global
	GlobalSection(SolutionConfigurationPlatforms) = preSolution
		Debug|Any CPU = Debug|Any CPU
		Release|Any CPU = Release|Any CPU
	EndGlobalSection
	GlobalSection(ProjectConfigurationPlatforms) = postSolution
		{01889A27-523B-4E93-AD8C-E819B86BB280}.Debug|Any CPU.ActiveCfg = Debug|Any CPU
		{01889A27-523B-4E93-AD8C-E819B86BB280}.Debug|Any CPU.Build.0 = Debug|Any CPU
		{01889A27-523B-4E93-AD8C-E819B86BB280}.Release|Any CPU.ActiveCfg = Release|Any CPU
		{01889A27-523B-4E93-AD8C-E819B86BB280}.Release|Any CPU.Build.0 = Release|Any CPU
	EndGlobalSection
	GlobalSection(SolutionProperties) = preSolution
		HideSolutionNode = FALSE
	EndGlobalSection
	GlobalSection(ExtensibilityGlobals) = postSolution
		SolutionGuid = {FA446033-8DA1-4904-87CA-E527BB238EDA}
	EndGlobalSection
EndGlobal
